dependencies:
- name: kubernetes-ingress
  repository: https://haproxytech.github.io/helm-charts
  version: 1.39.4
- name: minio
  repository: https://charts.min.io/
  version: 5.4.0
digest: sha256:dedc51a6a729b5f5828f211b3e6e2dac3a598d64f7902ff69ae2f648935744e9
generated: "2025-02-07T14:17:47.826391+01:00"
