dependencies:
- name: kubernetes-ingress
  repository: https://haproxytech.github.io/helm-charts
  version: 1.38.2
- name: minio
  repository: https://charts.min.io/
  version: 5.1.0
digest: sha256:b522039942ea4f4985f65545be4ef26b237e122824409f3325aac66319abab5b
generated: "2024-03-19T14:04:49.790153-04:00"
